
Microsoft Visual Studio Solution File, Format Version 12.00
# Visual Studio Version 16
VisualStudioVersion = 16.6.30114.105
MinimumVisualStudioVersion = 10.0.40219.1
Project("{2150E333-8FDC-42A3-9474-1A3956D46DE8}") = "rest-api", "rest-api", "{7B0C1CA8-ECD9-4E51-8528-4D85BC84A9B0}"
EndProject
Project("{FAE04EC0-301F-11D3-BF4B-00C04F79EFBC}") = "RequestValidation", "rest-api\1-request-validation\RequestValidation.csproj", "{BF6D55CF-479D-442B-9B5A-DFD0D5266F29}"
EndProject
Project("{FAE04EC0-301F-11D3-BF4B-00C04F79EFBC}") = "TokenValidation", "rest-api\2-token-validation\TokenValidation.csproj", "{51187C49-F62D-4D01-AF22-19347BB1E49B}"
EndProject
Project("{FAE04EC0-301F-11D3-BF4B-00C04F79EFBC}") = "TokenTransformation", "rest-api\3-token-transformation\TokenTransformation.csproj", "{A996A9A1-0C16-44F7-9196-358DEC182868}"
EndProject
Project("{FAE04EC0-301F-11D3-BF4B-00C04F79EFBC}") = "InputDataValidation", "rest-api\4-input-data-validation\InputDataValidation.csproj", "{54F5006F-62B9-47AF-8094-574845FBF4F4}"
EndProject
Project("{FAE04EC0-301F-11D3-BF4B-00C04F79EFBC}") = "OperationValidation", "rest-api\5-operation-validation\OperationValidation.csproj", "{9CAC9770-9B97-46CE-9F17-DB646D369014}"
EndProject
Project("{FAE04EC0-301F-11D3-BF4B-00C04F79EFBC}") = "DataAccessValidation", "rest-api\6-data-access-validation\DataAccessValidation.csproj", "{36121243-B9C0-4006-BF02-745D098422E5}"
EndProject
Project("{FAE04EC0-301F-11D3-BF4B-00C04F79EFBC}") = "SecureByDesign", "rest-api\7-secure-by-design\SecureByDesign.csproj", "{7E8C2C86-0070-4EAA-B88D-37251F01F5DC}"
EndProject
Project("{FAE04EC0-301F-11D3-BF4B-00C04F79EFBC}") = "Secrets", "rest-api\8-secrets\Secrets.csproj", "{31D316C7-9C20-4B0B-A6DC-037D5E6908B0}"
EndProject
Project("{FAE04EC0-301F-11D3-BF4B-00C04F79EFBC}") = "CompleteWithAllDefenceLayers", "rest-api\9-complete-with-all-defence-layers\CompleteWithAllDefenceLayers.csproj", "{CCE86286-32B2-4F89-950F-9F27FF1AD600}"
EndProject
Project("{FAE04EC0-301F-11D3-BF4B-00C04F79EFBC}") = "identity", "identity\identity.csproj", "{53232C3D-3D68-4ECE-BDB9-D5B62DC23C3A}"
EndProject
Project("{FAE04EC0-301F-11D3-BF4B-00C04F79EFBC}") = "CompleteWithAllDefenceLayers.Test", "rest-api\9-complete-with-all-defence-layers-tests\CompleteWithAllDefenceLayers.Test.csproj", "{C0730172-3024-4C34-ABAE-172697A0D41F}"
EndProject
Global
	GlobalSection(SolutionConfigurationPlatforms) = preSolution
		Debug|Any CPU = Debug|Any CPU
		Debug|x64 = Debug|x64
		Debug|x86 = Debug|x86
		Release|Any CPU = Release|Any CPU
		Release|x64 = Release|x64
		Release|x86 = Release|x86
	EndGlobalSection
	GlobalSection(SolutionProperties) = preSolution
		HideSolutionNode = FALSE
	EndGlobalSection
	GlobalSection(ProjectConfigurationPlatforms) = postSolution
		{BF6D55CF-479D-442B-9B5A-DFD0D5266F29}.Debug|Any CPU.ActiveCfg = Debug|Any CPU
		{BF6D55CF-479D-442B-9B5A-DFD0D5266F29}.Debug|Any CPU.Build.0 = Debug|Any CPU
		{BF6D55CF-479D-442B-9B5A-DFD0D5266F29}.Debug|x64.ActiveCfg = Debug|Any CPU
		{BF6D55CF-479D-442B-9B5A-DFD0D5266F29}.Debug|x64.Build.0 = Debug|Any CPU
		{BF6D55CF-479D-442B-9B5A-DFD0D5266F29}.Debug|x86.ActiveCfg = Debug|Any CPU
		{BF6D55CF-479D-442B-9B5A-DFD0D5266F29}.Debug|x86.Build.0 = Debug|Any CPU
		{BF6D55CF-479D-442B-9B5A-DFD0D5266F29}.Release|Any CPU.ActiveCfg = Release|Any CPU
		{BF6D55CF-479D-442B-9B5A-DFD0D5266F29}.Release|Any CPU.Build.0 = Release|Any CPU
		{BF6D55CF-479D-442B-9B5A-DFD0D5266F29}.Release|x64.ActiveCfg = Release|Any CPU
		{BF6D55CF-479D-442B-9B5A-DFD0D5266F29}.Release|x64.Build.0 = Release|Any CPU
		{BF6D55CF-479D-442B-9B5A-DFD0D5266F29}.Release|x86.ActiveCfg = Release|Any CPU
		{BF6D55CF-479D-442B-9B5A-DFD0D5266F29}.Release|x86.Build.0 = Release|Any CPU
		{51187C49-F62D-4D01-AF22-19347BB1E49B}.Debug|Any CPU.ActiveCfg = Debug|Any CPU
		{51187C49-F62D-4D01-AF22-19347BB1E49B}.Debug|Any CPU.Build.0 = Debug|Any CPU
		{51187C49-F62D-4D01-AF22-19347BB1E49B}.Debug|x64.ActiveCfg = Debug|Any CPU
		{51187C49-F62D-4D01-AF22-19347BB1E49B}.Debug|x64.Build.0 = Debug|Any CPU
		{51187C49-F62D-4D01-AF22-19347BB1E49B}.Debug|x86.ActiveCfg = Debug|Any CPU
		{51187C49-F62D-4D01-AF22-19347BB1E49B}.Debug|x86.Build.0 = Debug|Any CPU
		{51187C49-F62D-4D01-AF22-19347BB1E49B}.Release|Any CPU.ActiveCfg = Release|Any CPU
		{51187C49-F62D-4D01-AF22-19347BB1E49B}.Release|Any CPU.Build.0 = Release|Any CPU
		{51187C49-F62D-4D01-AF22-19347BB1E49B}.Release|x64.ActiveCfg = Release|Any CPU
		{51187C49-F62D-4D01-AF22-19347BB1E49B}.Release|x64.Build.0 = Release|Any CPU
		{51187C49-F62D-4D01-AF22-19347BB1E49B}.Release|x86.ActiveCfg = Release|Any CPU
		{51187C49-F62D-4D01-AF22-19347BB1E49B}.Release|x86.Build.0 = Release|Any CPU
		{A996A9A1-0C16-44F7-9196-358DEC182868}.Debug|Any CPU.ActiveCfg = Debug|Any CPU
		{A996A9A1-0C16-44F7-9196-358DEC182868}.Debug|Any CPU.Build.0 = Debug|Any CPU
		{A996A9A1-0C16-44F7-9196-358DEC182868}.Debug|x64.ActiveCfg = Debug|Any CPU
		{A996A9A1-0C16-44F7-9196-358DEC182868}.Debug|x64.Build.0 = Debug|Any CPU
		{A996A9A1-0C16-44F7-9196-358DEC182868}.Debug|x86.ActiveCfg = Debug|Any CPU
		{A996A9A1-0C16-44F7-9196-358DEC182868}.Debug|x86.Build.0 = Debug|Any CPU
		{A996A9A1-0C16-44F7-9196-358DEC182868}.Release|Any CPU.ActiveCfg = Release|Any CPU
		{A996A9A1-0C16-44F7-9196-358DEC182868}.Release|Any CPU.Build.0 = Release|Any CPU
		{A996A9A1-0C16-44F7-9196-358DEC182868}.Release|x64.ActiveCfg = Release|Any CPU
		{A996A9A1-0C16-44F7-9196-358DEC182868}.Release|x64.Build.0 = Release|Any CPU
		{A996A9A1-0C16-44F7-9196-358DEC182868}.Release|x86.ActiveCfg = Release|Any CPU
		{A996A9A1-0C16-44F7-9196-358DEC182868}.Release|x86.Build.0 = Release|Any CPU
		{54F5006F-62B9-47AF-8094-574845FBF4F4}.Debug|Any CPU.ActiveCfg = Debug|Any CPU
		{54F5006F-62B9-47AF-8094-574845FBF4F4}.Debug|Any CPU.Build.0 = Debug|Any CPU
		{54F5006F-62B9-47AF-8094-574845FBF4F4}.Debug|x64.ActiveCfg = Debug|Any CPU
		{54F5006F-62B9-47AF-8094-574845FBF4F4}.Debug|x64.Build.0 = Debug|Any CPU
		{54F5006F-62B9-47AF-8094-574845FBF4F4}.Debug|x86.ActiveCfg = Debug|Any CPU
		{54F5006F-62B9-47AF-8094-574845FBF4F4}.Debug|x86.Build.0 = Debug|Any CPU
		{54F5006F-62B9-47AF-8094-574845FBF4F4}.Release|Any CPU.ActiveCfg = Release|Any CPU
		{54F5006F-62B9-47AF-8094-574845FBF4F4}.Release|Any CPU.Build.0 = Release|Any CPU
		{54F5006F-62B9-47AF-8094-574845FBF4F4}.Release|x64.ActiveCfg = Release|Any CPU
		{54F5006F-62B9-47AF-8094-574845FBF4F4}.Release|x64.Build.0 = Release|Any CPU
		{54F5006F-62B9-47AF-8094-574845FBF4F4}.Release|x86.ActiveCfg = Release|Any CPU
		{54F5006F-62B9-47AF-8094-574845FBF4F4}.Release|x86.Build.0 = Release|Any CPU
		{9CAC9770-9B97-46CE-9F17-DB646D369014}.Debug|Any CPU.ActiveCfg = Debug|Any CPU
		{9CAC9770-9B97-46CE-9F17-DB646D369014}.Debug|Any CPU.Build.0 = Debug|Any CPU
		{9CAC9770-9B97-46CE-9F17-DB646D369014}.Debug|x64.ActiveCfg = Debug|Any CPU
		{9CAC9770-9B97-46CE-9F17-DB646D369014}.Debug|x64.Build.0 = Debug|Any CPU
		{9CAC9770-9B97-46CE-9F17-DB646D369014}.Debug|x86.ActiveCfg = Debug|Any CPU
		{9CAC9770-9B97-46CE-9F17-DB646D369014}.Debug|x86.Build.0 = Debug|Any CPU
		{9CAC9770-9B97-46CE-9F17-DB646D369014}.Release|Any CPU.ActiveCfg = Release|Any CPU
		{9CAC9770-9B97-46CE-9F17-DB646D369014}.Release|Any CPU.Build.0 = Release|Any CPU
		{9CAC9770-9B97-46CE-9F17-DB646D369014}.Release|x64.ActiveCfg = Release|Any CPU
		{9CAC9770-9B97-46CE-9F17-DB646D369014}.Release|x64.Build.0 = Release|Any CPU
		{9CAC9770-9B97-46CE-9F17-DB646D369014}.Release|x86.ActiveCfg = Release|Any CPU
		{9CAC9770-9B97-46CE-9F17-DB646D369014}.Release|x86.Build.0 = Release|Any CPU
		{36121243-B9C0-4006-BF02-745D098422E5}.Debug|Any CPU.ActiveCfg = Debug|Any CPU
		{36121243-B9C0-4006-BF02-745D098422E5}.Debug|Any CPU.Build.0 = Debug|Any CPU
		{36121243-B9C0-4006-BF02-745D098422E5}.Debug|x64.ActiveCfg = Debug|Any CPU
		{36121243-B9C0-4006-BF02-745D098422E5}.Debug|x64.Build.0 = Debug|Any CPU
		{36121243-B9C0-4006-BF02-745D098422E5}.Debug|x86.ActiveCfg = Debug|Any CPU
		{36121243-B9C0-4006-BF02-745D098422E5}.Debug|x86.Build.0 = Debug|Any CPU
		{36121243-B9C0-4006-BF02-745D098422E5}.Release|Any CPU.ActiveCfg = Release|Any CPU
		{36121243-B9C0-4006-BF02-745D098422E5}.Release|Any CPU.Build.0 = Release|Any CPU
		{36121243-B9C0-4006-BF02-745D098422E5}.Release|x64.ActiveCfg = Release|Any CPU
		{36121243-B9C0-4006-BF02-745D098422E5}.Release|x64.Build.0 = Release|Any CPU
		{36121243-B9C0-4006-BF02-745D098422E5}.Release|x86.ActiveCfg = Release|Any CPU
		{36121243-B9C0-4006-BF02-745D098422E5}.Release|x86.Build.0 = Release|Any CPU
		{7E8C2C86-0070-4EAA-B88D-37251F01F5DC}.Debug|Any CPU.ActiveCfg = Debug|Any CPU
		{7E8C2C86-0070-4EAA-B88D-37251F01F5DC}.Debug|Any CPU.Build.0 = Debug|Any CPU
		{7E8C2C86-0070-4EAA-B88D-37251F01F5DC}.Debug|x64.ActiveCfg = Debug|Any CPU
		{7E8C2C86-0070-4EAA-B88D-37251F01F5DC}.Debug|x64.Build.0 = Debug|Any CPU
		{7E8C2C86-0070-4EAA-B88D-37251F01F5DC}.Debug|x86.ActiveCfg = Debug|Any CPU
		{7E8C2C86-0070-4EAA-B88D-37251F01F5DC}.Debug|x86.Build.0 = Debug|Any CPU
		{7E8C2C86-0070-4EAA-B88D-37251F01F5DC}.Release|Any CPU.ActiveCfg = Release|Any CPU
		{7E8C2C86-0070-4EAA-B88D-37251F01F5DC}.Release|Any CPU.Build.0 = Release|Any CPU
		{7E8C2C86-0070-4EAA-B88D-37251F01F5DC}.Release|x64.ActiveCfg = Release|Any CPU
		{7E8C2C86-0070-4EAA-B88D-37251F01F5DC}.Release|x64.Build.0 = Release|Any CPU
		{7E8C2C86-0070-4EAA-B88D-37251F01F5DC}.Release|x86.ActiveCfg = Release|Any CPU
		{7E8C2C86-0070-4EAA-B88D-37251F01F5DC}.Release|x86.Build.0 = Release|Any CPU
		{31D316C7-9C20-4B0B-A6DC-037D5E6908B0}.Debug|Any CPU.ActiveCfg = Debug|Any CPU
		{31D316C7-9C20-4B0B-A6DC-037D5E6908B0}.Debug|Any CPU.Build.0 = Debug|Any CPU
		{31D316C7-9C20-4B0B-A6DC-037D5E6908B0}.Debug|x64.ActiveCfg = Debug|Any CPU
		{31D316C7-9C20-4B0B-A6DC-037D5E6908B0}.Debug|x64.Build.0 = Debug|Any CPU
		{31D316C7-9C20-4B0B-A6DC-037D5E6908B0}.Debug|x86.ActiveCfg = Debug|Any CPU
		{31D316C7-9C20-4B0B-A6DC-037D5E6908B0}.Debug|x86.Build.0 = Debug|Any CPU
		{31D316C7-9C20-4B0B-A6DC-037D5E6908B0}.Release|Any CPU.ActiveCfg = Release|Any CPU
		{31D316C7-9C20-4B0B-A6DC-037D5E6908B0}.Release|Any CPU.Build.0 = Release|Any CPU
		{31D316C7-9C20-4B0B-A6DC-037D5E6908B0}.Release|x64.ActiveCfg = Release|Any CPU
		{31D316C7-9C20-4B0B-A6DC-037D5E6908B0}.Release|x64.Build.0 = Release|Any CPU
		{31D316C7-9C20-4B0B-A6DC-037D5E6908B0}.Release|x86.ActiveCfg = Release|Any CPU
		{31D316C7-9C20-4B0B-A6DC-037D5E6908B0}.Release|x86.Build.0 = Release|Any CPU
		{CCE86286-32B2-4F89-950F-9F27FF1AD600}.Debug|Any CPU.ActiveCfg = Debug|Any CPU
		{CCE86286-32B2-4F89-950F-9F27FF1AD600}.Debug|Any CPU.Build.0 = Debug|Any CPU
		{CCE86286-32B2-4F89-950F-9F27FF1AD600}.Debug|x64.ActiveCfg = Debug|Any CPU
		{CCE86286-32B2-4F89-950F-9F27FF1AD600}.Debug|x64.Build.0 = Debug|Any CPU
		{CCE86286-32B2-4F89-950F-9F27FF1AD600}.Debug|x86.ActiveCfg = Debug|Any CPU
		{CCE86286-32B2-4F89-950F-9F27FF1AD600}.Debug|x86.Build.0 = Debug|Any CPU
		{CCE86286-32B2-4F89-950F-9F27FF1AD600}.Release|Any CPU.ActiveCfg = Release|Any CPU
		{CCE86286-32B2-4F89-950F-9F27FF1AD600}.Release|Any CPU.Build.0 = Release|Any CPU
		{CCE86286-32B2-4F89-950F-9F27FF1AD600}.Release|x64.ActiveCfg = Release|Any CPU
		{CCE86286-32B2-4F89-950F-9F27FF1AD600}.Release|x64.Build.0 = Release|Any CPU
		{CCE86286-32B2-4F89-950F-9F27FF1AD600}.Release|x86.ActiveCfg = Release|Any CPU
		{CCE86286-32B2-4F89-950F-9F27FF1AD600}.Release|x86.Build.0 = Release|Any CPU
		{53232C3D-3D68-4ECE-BDB9-D5B62DC23C3A}.Debug|Any CPU.ActiveCfg = Debug|Any CPU
		{53232C3D-3D68-4ECE-BDB9-D5B62DC23C3A}.Debug|Any CPU.Build.0 = Debug|Any CPU
		{53232C3D-3D68-4ECE-BDB9-D5B62DC23C3A}.Debug|x64.ActiveCfg = Debug|Any CPU
		{53232C3D-3D68-4ECE-BDB9-D5B62DC23C3A}.Debug|x64.Build.0 = Debug|Any CPU
		{53232C3D-3D68-4ECE-BDB9-D5B62DC23C3A}.Debug|x86.ActiveCfg = Debug|Any CPU
		{53232C3D-3D68-4ECE-BDB9-D5B62DC23C3A}.Debug|x86.Build.0 = Debug|Any CPU
		{53232C3D-3D68-4ECE-BDB9-D5B62DC23C3A}.Release|Any CPU.ActiveCfg = Release|Any CPU
		{53232C3D-3D68-4ECE-BDB9-D5B62DC23C3A}.Release|Any CPU.Build.0 = Release|Any CPU
		{53232C3D-3D68-4ECE-BDB9-D5B62DC23C3A}.Release|x64.ActiveCfg = Release|Any CPU
		{53232C3D-3D68-4ECE-BDB9-D5B62DC23C3A}.Release|x64.Build.0 = Release|Any CPU
		{53232C3D-3D68-4ECE-BDB9-D5B62DC23C3A}.Release|x86.ActiveCfg = Release|Any CPU
		{53232C3D-3D68-4ECE-BDB9-D5B62DC23C3A}.Release|x86.Build.0 = Release|Any CPU
		{C0730172-3024-4C34-ABAE-172697A0D41F}.Debug|Any CPU.ActiveCfg = Debug|Any CPU
		{C0730172-3024-4C34-ABAE-172697A0D41F}.Debug|Any CPU.Build.0 = Debug|Any CPU
		{C0730172-3024-4C34-ABAE-172697A0D41F}.Debug|x64.ActiveCfg = Debug|Any CPU
		{C0730172-3024-4C34-ABAE-172697A0D41F}.Debug|x64.Build.0 = Debug|Any CPU
		{C0730172-3024-4C34-ABAE-172697A0D41F}.Debug|x86.ActiveCfg = Debug|Any CPU
		{C0730172-3024-4C34-ABAE-172697A0D41F}.Debug|x86.Build.0 = Debug|Any CPU
		{C0730172-3024-4C34-ABAE-172697A0D41F}.Release|Any CPU.ActiveCfg = Release|Any CPU
		{C0730172-3024-4C34-ABAE-172697A0D41F}.Release|Any CPU.Build.0 = Release|Any CPU
		{C0730172-3024-4C34-ABAE-172697A0D41F}.Release|x64.ActiveCfg = Release|Any CPU
		{C0730172-3024-4C34-ABAE-172697A0D41F}.Release|x64.Build.0 = Release|Any CPU
		{C0730172-3024-4C34-ABAE-172697A0D41F}.Release|x86.ActiveCfg = Release|Any CPU
		{C0730172-3024-4C34-ABAE-172697A0D41F}.Release|x86.Build.0 = Release|Any CPU
	EndGlobalSection
	GlobalSection(NestedProjects) = preSolution
		{BF6D55CF-479D-442B-9B5A-DFD0D5266F29} = {7B0C1CA8-ECD9-4E51-8528-4D85BC84A9B0}
		{51187C49-F62D-4D01-AF22-19347BB1E49B} = {7B0C1CA8-ECD9-4E51-8528-4D85BC84A9B0}
		{A996A9A1-0C16-44F7-9196-358DEC182868} = {7B0C1CA8-ECD9-4E51-8528-4D85BC84A9B0}
		{54F5006F-62B9-47AF-8094-574845FBF4F4} = {7B0C1CA8-ECD9-4E51-8528-4D85BC84A9B0}
		{9CAC9770-9B97-46CE-9F17-DB646D369014} = {7B0C1CA8-ECD9-4E51-8528-4D85BC84A9B0}
		{36121243-B9C0-4006-BF02-745D098422E5} = {7B0C1CA8-ECD9-4E51-8528-4D85BC84A9B0}
		{7E8C2C86-0070-4EAA-B88D-37251F01F5DC} = {7B0C1CA8-ECD9-4E51-8528-4D85BC84A9B0}
		{31D316C7-9C20-4B0B-A6DC-037D5E6908B0} = {7B0C1CA8-ECD9-4E51-8528-4D85BC84A9B0}
		{CCE86286-32B2-4F89-950F-9F27FF1AD600} = {7B0C1CA8-ECD9-4E51-8528-4D85BC84A9B0}
		{C0730172-3024-4C34-ABAE-172697A0D41F} = {7B0C1CA8-ECD9-4E51-8528-4D85BC84A9B0}
	EndGlobalSection
EndGlobal
